
Microsoft Visual Studio Solution File, Format Version 12.00
# Visual Studio 15
VisualStudioVersion = 15.0.27703.2035
MinimumVisualStudioVersion = 10.0.40219.1
Project("{FAE04EC0-301F-11D3-BF4B-00C04F79EFBC}") = "FortniteChecker", "FortniteChecker\FortniteChecker.csproj", "{2DC0ABF7-D180-4FF4-9ACB-2FF8DE24978C}"
EndProject
Global
	GlobalSection(SolutionConfigurationPlatforms) = preSolution
		Debug|Any CPU = Debug|Any CPU
		Release|Any CPU = Release|Any CPU
	EndGlobalSection
	GlobalSection(ProjectConfigurationPlatforms) = postSolution
		{2DC0ABF7-D180-4FF4-9ACB-2FF8DE24978C}.Debug|Any CPU.ActiveCfg = Debug|Any CPU
		{2DC0ABF7-D180-4FF4-9ACB-2FF8DE24978C}.Debug|Any CPU.Build.0 = Debug|Any CPU
		{2DC0ABF7-D180-4FF4-9ACB-2FF8DE24978C}.Release|Any CPU.ActiveCfg = Release|Any CPU
		{2DC0ABF7-D180-4FF4-9ACB-2FF8DE24978C}.Release|Any CPU.Build.0 = Release|Any CPU
	EndGlobalSection
	GlobalSection(SolutionProperties) = preSolution
		HideSolutionNode = FALSE
	EndGlobalSection
	GlobalSection(ExtensibilityGlobals) = postSolution
		SolutionGuid = {67E943FE-1316-4A9F-B79F-F9E20EF4712D}
	EndGlobalSection
EndGlobal
